
Microsoft Visual Studio Solution File, Format Version 12.00
# Visual Studio Version 17
VisualStudioVersion = 17.8.34330.188
MinimumVisualStudioVersion = 10.0.40219.1
Project("{FAE04EC0-301F-11D3-BF4B-00C04F79EFBC}") = "KBot", "KBot\KBot.csproj", "{9DEBF8F9-FE1B-42C5-8685-286AC6466BAD}"
EndProject
Global
	GlobalSection(SolutionConfigurationPlatforms) = preSolution
		Debug|Any CPU = Debug|Any CPU
		Release|Any CPU = Release|Any CPU
	EndGlobalSection
	GlobalSection(ProjectConfigurationPlatforms) = postSolution
		{9DEBF8F9-FE1B-42C5-8685-286AC6466BAD}.Debug|Any CPU.ActiveCfg = Debug|Any CPU
		{9DEBF8F9-FE1B-42C5-8685-286AC6466BAD}.Debug|Any CPU.Build.0 = Debug|Any CPU
		{9DEBF8F9-FE1B-42C5-8685-286AC6466BAD}.Release|Any CPU.ActiveCfg = Release|Any CPU
		{9DEBF8F9-FE1B-42C5-8685-286AC6466BAD}.Release|Any CPU.Build.0 = Release|Any CPU
	EndGlobalSection
	GlobalSection(SolutionProperties) = preSolution
		HideSolutionNode = FALSE
	EndGlobalSection
	GlobalSection(ExtensibilityGlobals) = postSolution
		SolutionGuid = {89D95337-6C65-425D-826F-C2E43EF070F7}
	EndGlobalSection
EndGlobal
